// !$*UTF8*$!
{
	archiveVersion = 1;
	classes = {
	};
	objectVersion = 51;
	objects = {

/* Begin PBXBuildFile section */
		0313BA8E28D55C5600307576 /* CalendarAdapter.swift in Sources */ = {isa = PBXBuildFile; fileRef = 03A6E44628D0B2D400814DD5 /* CalendarAdapter.swift */; };
		0313BA9228D56ABF00307576 /* Weekday.swift in Sources */ = {isa = PBXBuildFile; fileRef = 0313BA9128D56ABF00307576 /* Weekday.swift */; };
		0313BA9528D56C7100307576 /* ISO8601Date.swift in Sources */ = {isa = PBXBuildFile; fileRef = 0313BA9428D56C7100307576 /* ISO8601Date.swift */; };
		0313BA9728D56CC100307576 /* ISO8601DateTests.swift in Sources */ = {isa = PBXBuildFile; fileRef = 0313BA9628D56CC100307576 /* ISO8601DateTests.swift */; };
		0313BA9928D570B100307576 /* FixedTimeInterval.swift in Sources */ = {isa = PBXBuildFile; fileRef = 0313BA9828D570B100307576 /* FixedTimeInterval.swift */; };
		0313BA9C28D570CE00307576 /* Date+FixedTimeInterval.swift in Sources */ = {isa = PBXBuildFile; fileRef = 0313BA9B28D570CE00307576 /* Date+FixedTimeInterval.swift */; };
		034F930B28D572DF0035FDC9 /* FixedTimeIntervalTests.swift in Sources */ = {isa = PBXBuildFile; fileRef = 034F930A28D572DF0035FDC9 /* FixedTimeIntervalTests.swift */; };
		034F930E28D5761C0035FDC9 /* Date.FixedTimeIntervalTests.swift in Sources */ = {isa = PBXBuildFile; fileRef = 034F930D28D5761C0035FDC9 /* Date.FixedTimeIntervalTests.swift */; };
		034F931028D578040035FDC9 /* ISO8601Month.swift in Sources */ = {isa = PBXBuildFile; fileRef = 034F930F28D578040035FDC9 /* ISO8601Month.swift */; };
		034F931228D578460035FDC9 /* ISO8601MonthTests.swift in Sources */ = {isa = PBXBuildFile; fileRef = 034F931128D578460035FDC9 /* ISO8601MonthTests.swift */; };
		03554E9328BCF37C00073345 /* ToastDemoViewController.swift in Sources */ = {isa = PBXBuildFile; fileRef = 03554E8328BCECF200073345 /* ToastDemoViewController.swift */; };
		03554E9428BCF38300073345 /* Assets.xcassets in Resources */ = {isa = PBXBuildFile; fileRef = 03554E8428BCECF200073345 /* Assets.xcassets */; };
		03554E9528BCF39000073345 /* LaunchScreen.storyboard in Resources */ = {isa = PBXBuildFile; fileRef = 03554E8528BCECF200073345 /* LaunchScreen.storyboard */; };
		03554E9628BCF39400073345 /* Main.storyboard in Resources */ = {isa = PBXBuildFile; fileRef = 03554E8728BCECF200073345 /* Main.storyboard */; };
		03554E9828BCF39800073345 /* AppDelegate.swift in Sources */ = {isa = PBXBuildFile; fileRef = 03554E8928BCECF200073345 /* AppDelegate.swift */; };
		0361FBEE28BD6B5000523A2B /* BoosterKitError.swift in Sources */ = {isa = PBXBuildFile; fileRef = 0361FBED28BD6B5000523A2B /* BoosterKitError.swift */; };
		0361FBF128BD6CA600523A2B /* CGPoint+Extension.swift in Sources */ = {isa = PBXBuildFile; fileRef = 0361FBF028BD6CA600523A2B /* CGPoint+Extension.swift */; };
		0361FBF228BD6D8A00523A2B /* CubicBezierPoint+Default.swift in Sources */ = {isa = PBXBuildFile; fileRef = 0375116828BC26250060D304 /* CubicBezierPoint+Default.swift */; };
		0375115C28BC231D0060D304 /* CubicBezierPoint.swift in Sources */ = {isa = PBXBuildFile; fileRef = 0375115B28BC231D0060D304 /* CubicBezierPoint.swift */; };
		0375116328BC23FE0060D304 /* Combinator+Transform.swift in Sources */ = {isa = PBXBuildFile; fileRef = 0375116228BC23FE0060D304 /* Combinator+Transform.swift */; };
		0375116C28BC26A70060D304 /* ToastController.swift in Sources */ = {isa = PBXBuildFile; fileRef = 0375116B28BC26A70060D304 /* ToastController.swift */; };
		0375116E28BC27820060D304 /* ToastController.AnimParams.SetUp+Default.swift in Sources */ = {isa = PBXBuildFile; fileRef = 0375116D28BC27820060D304 /* ToastController.AnimParams.SetUp+Default.swift */; };
		0375117028BC27CC0060D304 /* ToastController.AnimParams.Animation+Default.swift in Sources */ = {isa = PBXBuildFile; fileRef = 0375116F28BC27CC0060D304 /* ToastController.AnimParams.Animation+Default.swift */; };
		0375117228BC27F80060D304 /* ToastController.AnimParams.TearDown+Default.swift in Sources */ = {isa = PBXBuildFile; fileRef = 0375117128BC27F80060D304 /* ToastController.AnimParams.TearDown+Default.swift */; };
		0375117428BC29CC0060D304 /* ToastController.AnimParams+Default.swift in Sources */ = {isa = PBXBuildFile; fileRef = 0375117328BC29CC0060D304 /* ToastController.AnimParams+Default.swift */; };
		039E79AF28BD73F2004F356D /* ToastController+Extension.swift in Sources */ = {isa = PBXBuildFile; fileRef = 039E79AE28BD73F2004F356D /* ToastController+Extension.swift */; };
		03A0FB4928BB25DD00B8D064 /* BoosterKit.framework in Frameworks */ = {isa = PBXBuildFile; fileRef = 03A0FB3F28BB25DD00B8D064 /* BoosterKit.framework */; };
		03A0FB5028BB25DD00B8D064 /* BoosterKit.h in Headers */ = {isa = PBXBuildFile; fileRef = 03A0FB4228BB25DD00B8D064 /* BoosterKit.h */; settings = {ATTRIBUTES = (Public, ); }; };
		03A0FB5B28BB264400B8D064 /* Scoped.swift in Sources */ = {isa = PBXBuildFile; fileRef = 03A0FB5A28BB264400B8D064 /* Scoped.swift */; };
		03A0FB5E28BB268F00B8D064 /* StringRenderer.swift in Sources */ = {isa = PBXBuildFile; fileRef = 03A0FB5D28BB268F00B8D064 /* StringRenderer.swift */; };
		03AB9DA828BCF57400BD568B /* ImageTextView.swift in Sources */ = {isa = PBXBuildFile; fileRef = 03AB9DA728BCF57400BD568B /* ImageTextView.swift */; };
		03AB9DAA28BCF5AA00BD568B /* Toast.xib in Resources */ = {isa = PBXBuildFile; fileRef = 03AB9DA928BCF5AA00BD568B /* Toast.xib */; };
		1E245161C554809200B9E2AD /* Pods_BoosterKitTests.framework in Frameworks */ = {isa = PBXBuildFile; fileRef = 47A1415A7F685026CA95891B /* Pods_BoosterKitTests.framework */; };
		3A59D44A12247A317E98847E /* Pods_BoosterKit_Demo.framework in Frameworks */ = {isa = PBXBuildFile; fileRef = A7EC8F81B467B8B42FA1E2E2 /* Pods_BoosterKit_Demo.framework */; };
/* End PBXBuildFile section */

/* Begin PBXContainerItemProxy section */
		03A0FB4A28BB25DD00B8D064 /* PBXContainerItemProxy */ = {
			isa = PBXContainerItemProxy;
			containerPortal = 03A0FB3628BB25DD00B8D064 /* Project object */;
			proxyType = 1;
			remoteGlobalIDString = 03A0FB3E28BB25DD00B8D064;
			remoteInfo = BoosterKit;
		};
/* End PBXContainerItemProxy section */

/* Begin PBXFileReference section */
		0313BA8F28D55D3000307576 /* BoosterKit.xctestplan */ = {isa = PBXFileReference; lastKnownFileType = text; path = BoosterKit.xctestplan; sourceTree = "<group>"; };
		0313BA9128D56ABF00307576 /* Weekday.swift */ = {isa = PBXFileReference; lastKnownFileType = sourcecode.swift; path = Weekday.swift; sourceTree = "<group>"; };
		0313BA9428D56C7100307576 /* ISO8601Date.swift */ = {isa = PBXFileReference; lastKnownFileType = sourcecode.swift; path = ISO8601Date.swift; sourceTree = "<group>"; };
		0313BA9628D56CC100307576 /* ISO8601DateTests.swift */ = {isa = PBXFileReference; lastKnownFileType = sourcecode.swift; path = ISO8601DateTests.swift; sourceTree = "<group>"; };
		0313BA9828D570B100307576 /* FixedTimeInterval.swift */ = {isa = PBXFileReference; lastKnownFileType = sourcecode.swift; path = FixedTimeInterval.swift; sourceTree = "<group>"; };
		0313BA9B28D570CE00307576 /* Date+FixedTimeInterval.swift */ = {isa = PBXFileReference; lastKnownFileType = sourcecode.swift; path = "Date+FixedTimeInterval.swift"; sourceTree = "<group>"; };
		034F930A28D572DF0035FDC9 /* FixedTimeIntervalTests.swift */ = {isa = PBXFileReference; lastKnownFileType = sourcecode.swift; path = FixedTimeIntervalTests.swift; sourceTree = "<group>"; };
		034F930D28D5761C0035FDC9 /* Date.FixedTimeIntervalTests.swift */ = {isa = PBXFileReference; lastKnownFileType = sourcecode.swift; path = Date.FixedTimeIntervalTests.swift; sourceTree = "<group>"; };
		034F930F28D578040035FDC9 /* ISO8601Month.swift */ = {isa = PBXFileReference; lastKnownFileType = sourcecode.swift; path = ISO8601Month.swift; sourceTree = "<group>"; };
		034F931128D578460035FDC9 /* ISO8601MonthTests.swift */ = {isa = PBXFileReference; lastKnownFileType = sourcecode.swift; path = ISO8601MonthTests.swift; sourceTree = "<group>"; };
		03554E6E28BCECDD00073345 /* BoosterKit-Demo.app */ = {isa = PBXFileReference; explicitFileType = wrapper.application; includeInIndex = 0; path = "BoosterKit-Demo.app"; sourceTree = BUILT_PRODUCTS_DIR; };
		03554E8328BCECF200073345 /* ToastDemoViewController.swift */ = {isa = PBXFileReference; fileEncoding = 4; lastKnownFileType = sourcecode.swift; path = ToastDemoViewController.swift; sourceTree = "<group>"; };
		03554E8428BCECF200073345 /* Assets.xcassets */ = {isa = PBXFileReference; lastKnownFileType = folder.assetcatalog; path = Assets.xcassets; sourceTree = "<group>"; };
		03554E8628BCECF200073345 /* Base */ = {isa = PBXFileReference; lastKnownFileType = file.storyboard; name = Base; path = Base.lproj/LaunchScreen.storyboard; sourceTree = "<group>"; };
		03554E8828BCECF200073345 /* Base */ = {isa = PBXFileReference; lastKnownFileType = file.storyboard; name = Base; path = Base.lproj/Main.storyboard; sourceTree = "<group>"; };
		03554E8928BCECF200073345 /* AppDelegate.swift */ = {isa = PBXFileReference; fileEncoding = 4; lastKnownFileType = sourcecode.swift; path = AppDelegate.swift; sourceTree = "<group>"; };
		03554E8A28BCECF200073345 /* Info.plist */ = {isa = PBXFileReference; fileEncoding = 4; lastKnownFileType = text.plist.xml; path = Info.plist; sourceTree = "<group>"; };
		0361FBED28BD6B5000523A2B /* BoosterKitError.swift */ = {isa = PBXFileReference; lastKnownFileType = sourcecode.swift; path = BoosterKitError.swift; sourceTree = "<group>"; };
		0361FBF028BD6CA600523A2B /* CGPoint+Extension.swift */ = {isa = PBXFileReference; lastKnownFileType = sourcecode.swift; path = "CGPoint+Extension.swift"; sourceTree = "<group>"; };
		0375115B28BC231D0060D304 /* CubicBezierPoint.swift */ = {isa = PBXFileReference; lastKnownFileType = sourcecode.swift; path = CubicBezierPoint.swift; sourceTree = "<group>"; };
		0375116228BC23FE0060D304 /* Combinator+Transform.swift */ = {isa = PBXFileReference; lastKnownFileType = sourcecode.swift; path = "Combinator+Transform.swift"; sourceTree = "<group>"; };
		0375116828BC26250060D304 /* CubicBezierPoint+Default.swift */ = {isa = PBXFileReference; fileEncoding = 4; lastKnownFileType = sourcecode.swift; path = "CubicBezierPoint+Default.swift"; sourceTree = "<group>"; };
		0375116B28BC26A70060D304 /* ToastController.swift */ = {isa = PBXFileReference; fileEncoding = 4; lastKnownFileType = sourcecode.swift; path = ToastController.swift; sourceTree = "<group>"; };
		0375116D28BC27820060D304 /* ToastController.AnimParams.SetUp+Default.swift */ = {isa = PBXFileReference; lastKnownFileType = sourcecode.swift; path = "ToastController.AnimParams.SetUp+Default.swift"; sourceTree = "<group>"; };
		0375116F28BC27CC0060D304 /* ToastController.AnimParams.Animation+Default.swift */ = {isa = PBXFileReference; lastKnownFileType = sourcecode.swift; path = "ToastController.AnimParams.Animation+Default.swift"; sourceTree = "<group>"; };
		0375117128BC27F80060D304 /* ToastController.AnimParams.TearDown+Default.swift */ = {isa = PBXFileReference; lastKnownFileType = sourcecode.swift; path = "ToastController.AnimParams.TearDown+Default.swift"; sourceTree = "<group>"; };
		0375117328BC29CC0060D304 /* ToastController.AnimParams+Default.swift */ = {isa = PBXFileReference; lastKnownFileType = sourcecode.swift; path = "ToastController.AnimParams+Default.swift"; sourceTree = "<group>"; };
		039E79AE28BD73F2004F356D /* ToastController+Extension.swift */ = {isa = PBXFileReference; lastKnownFileType = sourcecode.swift; path = "ToastController+Extension.swift"; sourceTree = "<group>"; };
		03A0FB3F28BB25DD00B8D064 /* BoosterKit.framework */ = {isa = PBXFileReference; explicitFileType = wrapper.framework; includeInIndex = 0; path = BoosterKit.framework; sourceTree = BUILT_PRODUCTS_DIR; };
		03A0FB4228BB25DD00B8D064 /* BoosterKit.h */ = {isa = PBXFileReference; lastKnownFileType = sourcecode.c.h; path = BoosterKit.h; sourceTree = "<group>"; };
		03A0FB4328BB25DD00B8D064 /* Info.plist */ = {isa = PBXFileReference; lastKnownFileType = text.plist.xml; path = Info.plist; sourceTree = "<group>"; };
		03A0FB4828BB25DD00B8D064 /* BoosterKitTests.xctest */ = {isa = PBXFileReference; explicitFileType = wrapper.cfbundle; includeInIndex = 0; path = BoosterKitTests.xctest; sourceTree = BUILT_PRODUCTS_DIR; };
		03A0FB4F28BB25DD00B8D064 /* Info.plist */ = {isa = PBXFileReference; lastKnownFileType = text.plist.xml; path = Info.plist; sourceTree = "<group>"; };
		03A0FB5A28BB264400B8D064 /* Scoped.swift */ = {isa = PBXFileReference; lastKnownFileType = sourcecode.swift; path = Scoped.swift; sourceTree = "<group>"; };
		03A0FB5D28BB268F00B8D064 /* StringRenderer.swift */ = {isa = PBXFileReference; lastKnownFileType = sourcecode.swift; path = StringRenderer.swift; sourceTree = "<group>"; };
		03A6E44628D0B2D400814DD5 /* CalendarAdapter.swift */ = {isa = PBXFileReference; lastKnownFileType = sourcecode.swift; path = CalendarAdapter.swift; sourceTree = "<group>"; };
		03AB9DA728BCF57400BD568B /* ImageTextView.swift */ = {isa = PBXFileReference; lastKnownFileType = sourcecode.swift; path = ImageTextView.swift; sourceTree = "<group>"; };
		03AB9DA928BCF5AA00BD568B /* Toast.xib */ = {isa = PBXFileReference; lastKnownFileType = file.xib; path = Toast.xib; sourceTree = "<group>"; };
		137DD1CF50D8D399383005F2 /* Pods-BoosterKitTests.debug.xcconfig */ = {isa = PBXFileReference; includeInIndex = 1; lastKnownFileType = text.xcconfig; name = "Pods-BoosterKitTests.debug.xcconfig"; path = "Target Support Files/Pods-BoosterKitTests/Pods-BoosterKitTests.debug.xcconfig"; sourceTree = "<group>"; };
		47A1415A7F685026CA95891B /* Pods_BoosterKitTests.framework */ = {isa = PBXFileReference; explicitFileType = wrapper.framework; includeInIndex = 0; path = Pods_BoosterKitTests.framework; sourceTree = BUILT_PRODUCTS_DIR; };
		94F50EBF2BC646348760C578 /* Pods-BoosterKit-Demo.debug.xcconfig */ = {isa = PBXFileReference; includeInIndex = 1; lastKnownFileType = text.xcconfig; name = "Pods-BoosterKit-Demo.debug.xcconfig"; path = "Target Support Files/Pods-BoosterKit-Demo/Pods-BoosterKit-Demo.debug.xcconfig"; sourceTree = "<group>"; };
		9861FABEC4553D95F3BFD84F /* Pods-BoosterKit-Demo.release.xcconfig */ = {isa = PBXFileReference; includeInIndex = 1; lastKnownFileType = text.xcconfig; name = "Pods-BoosterKit-Demo.release.xcconfig"; path = "Target Support Files/Pods-BoosterKit-Demo/Pods-BoosterKit-Demo.release.xcconfig"; sourceTree = "<group>"; };
		A7EC8F81B467B8B42FA1E2E2 /* Pods_BoosterKit_Demo.framework */ = {isa = PBXFileReference; explicitFileType = wrapper.framework; includeInIndex = 0; path = Pods_BoosterKit_Demo.framework; sourceTree = BUILT_PRODUCTS_DIR; };
		EEEE6DBB4CD00D87D8114F30 /* Pods-BoosterKitTests.release.xcconfig */ = {isa = PBXFileReference; includeInIndex = 1; lastKnownFileType = text.xcconfig; name = "Pods-BoosterKitTests.release.xcconfig"; path = "Target Support Files/Pods-BoosterKitTests/Pods-BoosterKitTests.release.xcconfig"; sourceTree = "<group>"; };
/* End PBXFileReference section */

/* Begin PBXFrameworksBuildPhase section */
		03554E6B28BCECDD00073345 /* Frameworks */ = {
			isa = PBXFrameworksBuildPhase;
			buildActionMask = 2147483647;
			files = (
				3A59D44A12247A317E98847E /* Pods_BoosterKit_Demo.framework in Frameworks */,
			);
			runOnlyForDeploymentPostprocessing = 0;
		};
		03A0FB3C28BB25DD00B8D064 /* Frameworks */ = {
			isa = PBXFrameworksBuildPhase;
			buildActionMask = 2147483647;
			files = (
			);
			runOnlyForDeploymentPostprocessing = 0;
		};
		03A0FB4528BB25DD00B8D064 /* Frameworks */ = {
			isa = PBXFrameworksBuildPhase;
			buildActionMask = 2147483647;
			files = (
				03A0FB4928BB25DD00B8D064 /* BoosterKit.framework in Frameworks */,
				1E245161C554809200B9E2AD /* Pods_BoosterKitTests.framework in Frameworks */,
			);
			runOnlyForDeploymentPostprocessing = 0;
		};
/* End PBXFrameworksBuildPhase section */

/* Begin PBXGroup section */
		0313BA9028D56ABA00307576 /* Data */ = {
			isa = PBXGroup;
			children = (
				0313BA9328D56ACF00307576 /* Time */,
			);
			path = Data;
			sourceTree = "<group>";
		};
		0313BA9328D56ACF00307576 /* Time */ = {
			isa = PBXGroup;
			children = (
				0313BA9828D570B100307576 /* FixedTimeInterval.swift */,
				0313BA9428D56C7100307576 /* ISO8601Date.swift */,
				034F930F28D578040035FDC9 /* ISO8601Month.swift */,
				0313BA9128D56ABF00307576 /* Weekday.swift */,
			);
			path = Time;
			sourceTree = "<group>";
		};
		0313BA9A28D570C600307576 /* Foundation */ = {
			isa = PBXGroup;
			children = (
				0313BA9B28D570CE00307576 /* Date+FixedTimeInterval.swift */,
			);
			path = Foundation;
			sourceTree = "<group>";
		};
		0313BA9D28D570EC00307576 /* UIKit */ = {
			isa = PBXGroup;
			children = (
				0361FBF028BD6CA600523A2B /* CGPoint+Extension.swift */,
			);
			path = UIKit;
			sourceTree = "<group>";
		};
		034F930C28D576120035FDC9 /* Extension */ = {
			isa = PBXGroup;
			children = (
				034F930D28D5761C0035FDC9 /* Date.FixedTimeIntervalTests.swift */,
			);
			path = Extension;
			sourceTree = "<group>";
		};
		03554E8228BCECF200073345 /* BoosterKit-Demo */ = {
			isa = PBXGroup;
			children = (
				03AB9DA628BCF55B00BD568B /* Toast */,
				03554E8928BCECF200073345 /* AppDelegate.swift */,
				03554E8428BCECF200073345 /* Assets.xcassets */,
				03554E8A28BCECF200073345 /* Info.plist */,
				03554E8528BCECF200073345 /* LaunchScreen.storyboard */,
				03554E8728BCECF200073345 /* Main.storyboard */,
			);
			path = "BoosterKit-Demo";
			sourceTree = "<group>";
		};
		0361FBEC28BD6B4300523A2B /* Error */ = {
			isa = PBXGroup;
			children = (
				0361FBED28BD6B5000523A2B /* BoosterKitError.swift */,
			);
			path = Error;
			sourceTree = "<group>";
		};
		0361FBEF28BD6C9300523A2B /* Extension */ = {
			isa = PBXGroup;
			children = (
				0313BA9A28D570C600307576 /* Foundation */,
				0313BA9D28D570EC00307576 /* UIKit */,
			);
			path = Extension;
			sourceTree = "<group>";
		};
		0375115A28BC230A0060D304 /* Data */ = {
			isa = PBXGroup;
			children = (
				0375115B28BC231D0060D304 /* CubicBezierPoint.swift */,
				0375116828BC26250060D304 /* CubicBezierPoint+Default.swift */,
			);
			path = Data;
			sourceTree = "<group>";
		};
		0375116A28BC26A70060D304 /* Toast */ = {
			isa = PBXGroup;
			children = (
				0375116F28BC27CC0060D304 /* ToastController.AnimParams.Animation+Default.swift */,
				0375116D28BC27820060D304 /* ToastController.AnimParams.SetUp+Default.swift */,
				0375117128BC27F80060D304 /* ToastController.AnimParams.TearDown+Default.swift */,
				0375117328BC29CC0060D304 /* ToastController.AnimParams+Default.swift */,
				0375116B28BC26A70060D304 /* ToastController.swift */,
				039E79AE28BD73F2004F356D /* ToastController+Extension.swift */,
			);
			path = Toast;
			sourceTree = "<group>";
		};
		03A0FB3528BB25DD00B8D064 = {
			isa = PBXGroup;
			children = (
				0313BA8F28D55D3000307576 /* BoosterKit.xctestplan */,
				03A0FB4128BB25DD00B8D064 /* BoosterKit */,
				03A0FB4C28BB25DD00B8D064 /* BoosterKitTests */,
				03554E8228BCECF200073345 /* BoosterKit-Demo */,
				03A0FB4028BB25DD00B8D064 /* Products */,
				DCFD3284AA15C50361D4DFB7 /* Pods */,
				C3A15F8B237C8CD49F0D57A4 /* Frameworks */,
			);
			sourceTree = "<group>";
		};
		03A0FB4028BB25DD00B8D064 /* Products */ = {
			isa = PBXGroup;
			children = (
				03A0FB3F28BB25DD00B8D064 /* BoosterKit.framework */,
				03A0FB4828BB25DD00B8D064 /* BoosterKitTests.xctest */,
				03554E6E28BCECDD00073345 /* BoosterKit-Demo.app */,
			);
			name = Products;
			sourceTree = "<group>";
		};
		03A0FB4128BB25DD00B8D064 /* BoosterKit */ = {
			isa = PBXGroup;
			children = (
				0313BA9028D56ABA00307576 /* Data */,
				0361FBEC28BD6B4300523A2B /* Error */,
				0361FBEF28BD6C9300523A2B /* Extension */,
				03A0FB5928BB263600B8D064 /* Function */,
				03A0FB5C28BB267D00B8D064 /* UI */,
				03A0FB4228BB25DD00B8D064 /* BoosterKit.h */,
				03A0FB4328BB25DD00B8D064 /* Info.plist */,
			);
			path = BoosterKit;
			sourceTree = "<group>";
		};
		03A0FB4C28BB25DD00B8D064 /* BoosterKitTests */ = {
			isa = PBXGroup;
			children = (
				034F930C28D576120035FDC9 /* Extension */,
				034F930A28D572DF0035FDC9 /* FixedTimeIntervalTests.swift */,
				0313BA9628D56CC100307576 /* ISO8601DateTests.swift */,
				034F931128D578460035FDC9 /* ISO8601MonthTests.swift */,
				03A0FB4F28BB25DD00B8D064 /* Info.plist */,
			);
			path = BoosterKitTests;
			sourceTree = "<group>";
		};
		03A0FB5928BB263600B8D064 /* Function */ = {
			isa = PBXGroup;
			children = (
				0375116228BC23FE0060D304 /* Combinator+Transform.swift */,
				03A0FB5A28BB264400B8D064 /* Scoped.swift */,
			);
			path = Function;
			sourceTree = "<group>";
		};
		03A0FB5C28BB267D00B8D064 /* UI */ = {
			isa = PBXGroup;
			children = (
				03A6E44528D0B25C00814DD5 /* Calendar */,
				0375115A28BC230A0060D304 /* Data */,
				0375116A28BC26A70060D304 /* Toast */,
				03A0FB5D28BB268F00B8D064 /* StringRenderer.swift */,
			);
			path = UI;
			sourceTree = "<group>";
		};
		03A6E44528D0B25C00814DD5 /* Calendar */ = {
			isa = PBXGroup;
			children = (
				03A6E44628D0B2D400814DD5 /* CalendarAdapter.swift */,
			);
			path = Calendar;
			sourceTree = "<group>";
		};
		03AB9DA628BCF55B00BD568B /* Toast */ = {
			isa = PBXGroup;
			children = (
				03554E8328BCECF200073345 /* ToastDemoViewController.swift */,
				03AB9DA728BCF57400BD568B /* ImageTextView.swift */,
				03AB9DA928BCF5AA00BD568B /* Toast.xib */,
			);
			path = Toast;
			sourceTree = "<group>";
		};
		C3A15F8B237C8CD49F0D57A4 /* Frameworks */ = {
			isa = PBXGroup;
			children = (
				A7EC8F81B467B8B42FA1E2E2 /* Pods_BoosterKit_Demo.framework */,
				47A1415A7F685026CA95891B /* Pods_BoosterKitTests.framework */,
			);
			name = Frameworks;
			sourceTree = "<group>";
		};
		DCFD3284AA15C50361D4DFB7 /* Pods */ = {
			isa = PBXGroup;
			children = (
				94F50EBF2BC646348760C578 /* Pods-BoosterKit-Demo.debug.xcconfig */,
				9861FABEC4553D95F3BFD84F /* Pods-BoosterKit-Demo.release.xcconfig */,
				137DD1CF50D8D399383005F2 /* Pods-BoosterKitTests.debug.xcconfig */,
				EEEE6DBB4CD00D87D8114F30 /* Pods-BoosterKitTests.release.xcconfig */,
			);
			path = Pods;
			sourceTree = "<group>";
		};
/* End PBXGroup section */

/* Begin PBXHeadersBuildPhase section */
		03A0FB3A28BB25DD00B8D064 /* Headers */ = {
			isa = PBXHeadersBuildPhase;
			buildActionMask = 2147483647;
			files = (
				03A0FB5028BB25DD00B8D064 /* BoosterKit.h in Headers */,
			);
			runOnlyForDeploymentPostprocessing = 0;
		};
/* End PBXHeadersBuildPhase section */

/* Begin PBXNativeTarget section */
		03554E6D28BCECDD00073345 /* BoosterKit-Demo */ = {
			isa = PBXNativeTarget;
			buildConfigurationList = 03554E8128BCECDE00073345 /* Build configuration list for PBXNativeTarget "BoosterKit-Demo" */;
			buildPhases = (
				E66F91104F1B1F0D4A30AE7D /* [CP] Check Pods Manifest.lock */,
				03554E6A28BCECDD00073345 /* Sources */,
				03554E6B28BCECDD00073345 /* Frameworks */,
				03554E6C28BCECDD00073345 /* Resources */,
				4AA35389DBD88DC7D33F93A9 /* [CP] Embed Pods Frameworks */,
			);
			buildRules = (
			);
			dependencies = (
			);
			name = "BoosterKit-Demo";
			productName = "BoosterKit-Demo";
			productReference = 03554E6E28BCECDD00073345 /* BoosterKit-Demo.app */;
			productType = "com.apple.product-type.application";
		};
		03A0FB3E28BB25DD00B8D064 /* BoosterKit */ = {
			isa = PBXNativeTarget;
			buildConfigurationList = 03A0FB5328BB25DD00B8D064 /* Build configuration list for PBXNativeTarget "BoosterKit" */;
			buildPhases = (
				03A0FB3A28BB25DD00B8D064 /* Headers */,
				03A0FB3B28BB25DD00B8D064 /* Sources */,
				03A0FB3C28BB25DD00B8D064 /* Frameworks */,
				03A0FB3D28BB25DD00B8D064 /* Resources */,
			);
			buildRules = (
			);
			dependencies = (
			);
			name = BoosterKit;
			productName = BoosterKit;
			productReference = 03A0FB3F28BB25DD00B8D064 /* BoosterKit.framework */;
			productType = "com.apple.product-type.framework";
		};
		03A0FB4728BB25DD00B8D064 /* BoosterKitTests */ = {
			isa = PBXNativeTarget;
			buildConfigurationList = 03A0FB5628BB25DD00B8D064 /* Build configuration list for PBXNativeTarget "BoosterKitTests" */;
			buildPhases = (
				09989838ED5DCDD572CB6999 /* [CP] Check Pods Manifest.lock */,
				03A0FB4428BB25DD00B8D064 /* Sources */,
				03A0FB4528BB25DD00B8D064 /* Frameworks */,
				03A0FB4628BB25DD00B8D064 /* Resources */,
				764611FD56638FE9EB32CF5F /* [CP] Embed Pods Frameworks */,
			);
			buildRules = (
			);
			dependencies = (
				03A0FB4B28BB25DD00B8D064 /* PBXTargetDependency */,
			);
			name = BoosterKitTests;
			productName = BoosterKitTests;
			productReference = 03A0FB4828BB25DD00B8D064 /* BoosterKitTests.xctest */;
			productType = "com.apple.product-type.bundle.unit-test";
		};
/* End PBXNativeTarget section */

/* Begin PBXProject section */
		03A0FB3628BB25DD00B8D064 /* Project object */ = {
			isa = PBXProject;
			attributes = {
				LastSwiftUpdateCheck = 1250;
				LastUpgradeCheck = 1250;
				TargetAttributes = {
					03554E6D28BCECDD00073345 = {
						CreatedOnToolsVersion = 12.5.1;
					};
					03A0FB3E28BB25DD00B8D064 = {
						CreatedOnToolsVersion = 12.5.1;
						LastSwiftMigration = 1250;
					};
					03A0FB4728BB25DD00B8D064 = {
						CreatedOnToolsVersion = 12.5.1;
					};
				};
			};
			buildConfigurationList = 03A0FB3928BB25DD00B8D064 /* Build configuration list for PBXProject "BoosterKit" */;
			compatibilityVersion = "Xcode 9.3";
			developmentRegion = en;
			hasScannedForEncodings = 0;
			knownRegions = (
				en,
				Base,
			);
			mainGroup = 03A0FB3528BB25DD00B8D064;
			productRefGroup = 03A0FB4028BB25DD00B8D064 /* Products */;
			projectDirPath = "";
			projectRoot = "";
			targets = (
				03A0FB3E28BB25DD00B8D064 /* BoosterKit */,
				03A0FB4728BB25DD00B8D064 /* BoosterKitTests */,
				03554E6D28BCECDD00073345 /* BoosterKit-Demo */,
			);
		};
/* End PBXProject section */

/* Begin PBXResourcesBuildPhase section */
		03554E6C28BCECDD00073345 /* Resources */ = {
			isa = PBXResourcesBuildPhase;
			buildActionMask = 2147483647;
			files = (
				03554E9628BCF39400073345 /* Main.storyboard in Resources */,
				03AB9DAA28BCF5AA00BD568B /* Toast.xib in Resources */,
				03554E9428BCF38300073345 /* Assets.xcassets in Resources */,
				03554E9528BCF39000073345 /* LaunchScreen.storyboard in Resources */,
			);
			runOnlyForDeploymentPostprocessing = 0;
		};
		03A0FB3D28BB25DD00B8D064 /* Resources */ = {
			isa = PBXResourcesBuildPhase;
			buildActionMask = 2147483647;
			files = (
			);
			runOnlyForDeploymentPostprocessing = 0;
		};
		03A0FB4628BB25DD00B8D064 /* Resources */ = {
			isa = PBXResourcesBuildPhase;
			buildActionMask = 2147483647;
			files = (
			);
			runOnlyForDeploymentPostprocessing = 0;
		};
/* End PBXResourcesBuildPhase section */

/* Begin PBXShellScriptBuildPhase section */
		09989838ED5DCDD572CB6999 /* [CP] Check Pods Manifest.lock */ = {
			isa = PBXShellScriptBuildPhase;
			buildActionMask = 2147483647;
			files = (
			);
			inputFileListPaths = (
			);
			inputPaths = (
				"${PODS_PODFILE_DIR_PATH}/Podfile.lock",
				"${PODS_ROOT}/Manifest.lock",
			);
			name = "[CP] Check Pods Manifest.lock";
			outputFileListPaths = (
			);
			outputPaths = (
				"$(DERIVED_FILE_DIR)/Pods-BoosterKitTests-checkManifestLockResult.txt",
			);
			runOnlyForDeploymentPostprocessing = 0;
			shellPath = /bin/sh;
			shellScript = "diff \"${PODS_PODFILE_DIR_PATH}/Podfile.lock\" \"${PODS_ROOT}/Manifest.lock\" > /dev/null\nif [ $? != 0 ] ; then\n    # print error to STDERR\n    echo \"error: The sandbox is not in sync with the Podfile.lock. Run 'pod install' or update your CocoaPods installation.\" >&2\n    exit 1\nfi\n# This output is used by Xcode 'outputs' to avoid re-running this script phase.\necho \"SUCCESS\" > \"${SCRIPT_OUTPUT_FILE_0}\"\n";
			showEnvVarsInLog = 0;
		};
		4AA35389DBD88DC7D33F93A9 /* [CP] Embed Pods Frameworks */ = {
			isa = PBXShellScriptBuildPhase;
			buildActionMask = 2147483647;
			files = (
			);
			inputFileListPaths = (
				"${PODS_ROOT}/Target Support Files/Pods-BoosterKit-Demo/Pods-BoosterKit-Demo-frameworks-${CONFIGURATION}-input-files.xcfilelist",
			);
			name = "[CP] Embed Pods Frameworks";
			outputFileListPaths = (
				"${PODS_ROOT}/Target Support Files/Pods-BoosterKit-Demo/Pods-BoosterKit-Demo-frameworks-${CONFIGURATION}-output-files.xcfilelist",
			);
			runOnlyForDeploymentPostprocessing = 0;
			shellPath = /bin/sh;
			shellScript = "\"${PODS_ROOT}/Target Support Files/Pods-BoosterKit-Demo/Pods-BoosterKit-Demo-frameworks.sh\"\n";
			showEnvVarsInLog = 0;
		};
		764611FD56638FE9EB32CF5F /* [CP] Embed Pods Frameworks */ = {
			isa = PBXShellScriptBuildPhase;
			buildActionMask = 2147483647;
			files = (
			);
			inputFileListPaths = (
				"${PODS_ROOT}/Target Support Files/Pods-BoosterKitTests/Pods-BoosterKitTests-frameworks-${CONFIGURATION}-input-files.xcfilelist",
			);
			name = "[CP] Embed Pods Frameworks";
			outputFileListPaths = (
				"${PODS_ROOT}/Target Support Files/Pods-BoosterKitTests/Pods-BoosterKitTests-frameworks-${CONFIGURATION}-output-files.xcfilelist",
			);
			runOnlyForDeploymentPostprocessing = 0;
			shellPath = /bin/sh;
			shellScript = "\"${PODS_ROOT}/Target Support Files/Pods-BoosterKitTests/Pods-BoosterKitTests-frameworks.sh\"\n";
			showEnvVarsInLog = 0;
		};
		E66F91104F1B1F0D4A30AE7D /* [CP] Check Pods Manifest.lock */ = {
			isa = PBXShellScriptBuildPhase;
			buildActionMask = 2147483647;
			files = (
			);
			inputFileListPaths = (
			);
			inputPaths = (
				"${PODS_PODFILE_DIR_PATH}/Podfile.lock",
				"${PODS_ROOT}/Manifest.lock",
			);
			name = "[CP] Check Pods Manifest.lock";
			outputFileListPaths = (
			);
			outputPaths = (
				"$(DERIVED_FILE_DIR)/Pods-BoosterKit-Demo-checkManifestLockResult.txt",
			);
			runOnlyForDeploymentPostprocessing = 0;
			shellPath = /bin/sh;
			shellScript = "diff \"${PODS_PODFILE_DIR_PATH}/Podfile.lock\" \"${PODS_ROOT}/Manifest.lock\" > /dev/null\nif [ $? != 0 ] ; then\n    # print error to STDERR\n    echo \"error: The sandbox is not in sync with the Podfile.lock. Run 'pod install' or update your CocoaPods installation.\" >&2\n    exit 1\nfi\n# This output is used by Xcode 'outputs' to avoid re-running this script phase.\necho \"SUCCESS\" > \"${SCRIPT_OUTPUT_FILE_0}\"\n";
			showEnvVarsInLog = 0;
		};
/* End PBXShellScriptBuildPhase section */

/* Begin PBXSourcesBuildPhase section */
		03554E6A28BCECDD00073345 /* Sources */ = {
			isa = PBXSourcesBuildPhase;
			buildActionMask = 2147483647;
			files = (
				03554E9828BCF39800073345 /* AppDelegate.swift in Sources */,
				03AB9DA828BCF57400BD568B /* ImageTextView.swift in Sources */,
				03554E9328BCF37C00073345 /* ToastDemoViewController.swift in Sources */,
			);
			runOnlyForDeploymentPostprocessing = 0;
		};
		03A0FB3B28BB25DD00B8D064 /* Sources */ = {
			isa = PBXSourcesBuildPhase;
			buildActionMask = 2147483647;
			files = (
				0375116E28BC27820060D304 /* ToastController.AnimParams.SetUp+Default.swift in Sources */,
				039E79AF28BD73F2004F356D /* ToastController+Extension.swift in Sources */,
				0375117028BC27CC0060D304 /* ToastController.AnimParams.Animation+Default.swift in Sources */,
				0313BA8E28D55C5600307576 /* CalendarAdapter.swift in Sources */,
				0313BA9528D56C7100307576 /* ISO8601Date.swift in Sources */,
				0361FBF228BD6D8A00523A2B /* CubicBezierPoint+Default.swift in Sources */,
				0361FBF128BD6CA600523A2B /* CGPoint+Extension.swift in Sources */,
				0375116328BC23FE0060D304 /* Combinator+Transform.swift in Sources */,
				0375115C28BC231D0060D304 /* CubicBezierPoint.swift in Sources */,
				0375117428BC29CC0060D304 /* ToastController.AnimParams+Default.swift in Sources */,
				0313BA9C28D570CE00307576 /* Date+FixedTimeInterval.swift in Sources */,
				0375116C28BC26A70060D304 /* ToastController.swift in Sources */,
				0375117228BC27F80060D304 /* ToastController.AnimParams.TearDown+Default.swift in Sources */,
				0313BA9228D56ABF00307576 /* Weekday.swift in Sources */,
				03A0FB5B28BB264400B8D064 /* Scoped.swift in Sources */,
				03A0FB5E28BB268F00B8D064 /* StringRenderer.swift in Sources */,
				034F931028D578040035FDC9 /* ISO8601Month.swift in Sources */,
				0361FBEE28BD6B5000523A2B /* BoosterKitError.swift in Sources */,
				0313BA9928D570B100307576 /* FixedTimeInterval.swift in Sources */,
			);
			runOnlyForDeploymentPostprocessing = 0;
		};
		03A0FB4428BB25DD00B8D064 /* Sources */ = {
			isa = PBXSourcesBuildPhase;
			buildActionMask = 2147483647;
			files = (
				034F931228D578460035FDC9 /* ISO8601MonthTests.swift in Sources */,
				034F930B28D572DF0035FDC9 /* FixedTimeIntervalTests.swift in Sources */,
				034F930E28D5761C0035FDC9 /* Date.FixedTimeIntervalTests.swift in Sources */,
				0313BA9728D56CC100307576 /* ISO8601DateTests.swift in Sources */,
			);
			runOnlyForDeploymentPostprocessing = 0;
		};
/* End PBXSourcesBuildPhase section */

/* Begin PBXTargetDependency section */
		03A0FB4B28BB25DD00B8D064 /* PBXTargetDependency */ = {
			isa = PBXTargetDependency;
			target = 03A0FB3E28BB25DD00B8D064 /* BoosterKit */;
			targetProxy = 03A0FB4A28BB25DD00B8D064 /* PBXContainerItemProxy */;
		};
/* End PBXTargetDependency section */

/* Begin PBXVariantGroup section */
		03554E8528BCECF200073345 /* LaunchScreen.storyboard */ = {
			isa = PBXVariantGroup;
			children = (
				03554E8628BCECF200073345 /* Base */,
			);
			name = LaunchScreen.storyboard;
			sourceTree = "<group>";
		};
		03554E8728BCECF200073345 /* Main.storyboard */ = {
			isa = PBXVariantGroup;
			children = (
				03554E8828BCECF200073345 /* Base */,
			);
			name = Main.storyboard;
			sourceTree = "<group>";
		};
/* End PBXVariantGroup section */

/* Begin XCBuildConfiguration section */
		03554E7F28BCECDE00073345 /* Debug */ = {
			isa = XCBuildConfiguration;
			baseConfigurationReference = 94F50EBF2BC646348760C578 /* Pods-BoosterKit-Demo.debug.xcconfig */;
			buildSettings = {
				ASSETCATALOG_COMPILER_APPICON_NAME = AppIcon;
				ASSETCATALOG_COMPILER_GLOBAL_ACCENT_COLOR_NAME = AccentColor;
				CODE_SIGN_STYLE = Automatic;
				DEVELOPMENT_TEAM = 78S7RATURK;
				INFOPLIST_FILE = "$(TARGET_NAME)/Info.plist";
				LD_RUNPATH_SEARCH_PATHS = (
					"$(inherited)",
					"@executable_path/Frameworks",
				);
				PRODUCT_BUNDLE_IDENTIFIER = "io.funct7.BoosterKit-Demo";
				PRODUCT_NAME = "$(TARGET_NAME)";
				SWIFT_VERSION = 5.0;
				TARGETED_DEVICE_FAMILY = "1,2";
			};
			name = Debug;
		};
		03554E8028BCECDE00073345 /* Release */ = {
			isa = XCBuildConfiguration;
			baseConfigurationReference = 9861FABEC4553D95F3BFD84F /* Pods-BoosterKit-Demo.release.xcconfig */;
			buildSettings = {
				ASSETCATALOG_COMPILER_APPICON_NAME = AppIcon;
				ASSETCATALOG_COMPILER_GLOBAL_ACCENT_COLOR_NAME = AccentColor;
				CODE_SIGN_STYLE = Automatic;
				DEVELOPMENT_TEAM = 78S7RATURK;
				INFOPLIST_FILE = "$(TARGET_NAME)/Info.plist";
				LD_RUNPATH_SEARCH_PATHS = (
					"$(inherited)",
					"@executable_path/Frameworks",
				);
				PRODUCT_BUNDLE_IDENTIFIER = "io.funct7.BoosterKit-Demo";
				PRODUCT_NAME = "$(TARGET_NAME)";
				SWIFT_VERSION = 5.0;
				TARGETED_DEVICE_FAMILY = "1,2";
			};
			name = Release;
		};
		03A0FB5128BB25DD00B8D064 /* Debug */ = {
			isa = XCBuildConfiguration;
			buildSettings = {
				ALWAYS_SEARCH_USER_PATHS = NO;
				CLANG_ANALYZER_NONNULL = YES;
				CLANG_ANALYZER_NUMBER_OBJECT_CONVERSION = YES_AGGRESSIVE;
				CLANG_CXX_LANGUAGE_STANDARD = "gnu++14";
				CLANG_CXX_LIBRARY = "libc++";
				CLANG_ENABLE_MODULES = YES;
				CLANG_ENABLE_OBJC_ARC = YES;
				CLANG_ENABLE_OBJC_WEAK = YES;
				CLANG_WARN_BLOCK_CAPTURE_AUTORELEASING = YES;
				CLANG_WARN_BOOL_CONVERSION = YES;
				CLANG_WARN_COMMA = YES;
				CLANG_WARN_CONSTANT_CONVERSION = YES;
				CLANG_WARN_DEPRECATED_OBJC_IMPLEMENTATIONS = YES;
				CLANG_WARN_DIRECT_OBJC_ISA_USAGE = YES_ERROR;
				CLANG_WARN_DOCUMENTATION_COMMENTS = YES;
				CLANG_WARN_EMPTY_BODY = YES;
				CLANG_WARN_ENUM_CONVERSION = YES;
				CLANG_WARN_INFINITE_RECURSION = YES;
				CLANG_WARN_INT_CONVERSION = YES;
				CLANG_WARN_NON_LITERAL_NULL_CONVERSION = YES;
				CLANG_WARN_OBJC_IMPLICIT_RETAIN_SELF = YES;
				CLANG_WARN_OBJC_LITERAL_CONVERSION = YES;
				CLANG_WARN_OBJC_ROOT_CLASS = YES_ERROR;
				CLANG_WARN_QUOTED_INCLUDE_IN_FRAMEWORK_HEADER = YES;
				CLANG_WARN_RANGE_LOOP_ANALYSIS = YES;
				CLANG_WARN_STRICT_PROTOTYPES = YES;
				CLANG_WARN_SUSPICIOUS_MOVE = YES;
				CLANG_WARN_UNGUARDED_AVAILABILITY = YES_AGGRESSIVE;
				CLANG_WARN_UNREACHABLE_CODE = YES;
				CLANG_WARN__DUPLICATE_METHOD_MATCH = YES;
				COPY_PHASE_STRIP = NO;
				CURRENT_PROJECT_VERSION = 1;
				DEBUG_INFORMATION_FORMAT = dwarf;
				ENABLE_STRICT_OBJC_MSGSEND = YES;
				ENABLE_TESTABILITY = YES;
				GCC_C_LANGUAGE_STANDARD = gnu11;
				GCC_DYNAMIC_NO_PIC = NO;
				GCC_NO_COMMON_BLOCKS = YES;
				GCC_OPTIMIZATION_LEVEL = 0;
				GCC_PREPROCESSOR_DEFINITIONS = (
					"DEBUG=1",
					"$(inherited)",
				);
				GCC_WARN_64_TO_32_BIT_CONVERSION = YES;
				GCC_WARN_ABOUT_RETURN_TYPE = YES_ERROR;
				GCC_WARN_UNDECLARED_SELECTOR = YES;
				GCC_WARN_UNINITIALIZED_AUTOS = YES_AGGRESSIVE;
				GCC_WARN_UNUSED_FUNCTION = YES;
				GCC_WARN_UNUSED_VARIABLE = YES;
				IPHONEOS_DEPLOYMENT_TARGET = 11.0;
				MTL_ENABLE_DEBUG_INFO = INCLUDE_SOURCE;
				MTL_FAST_MATH = YES;
				ONLY_ACTIVE_ARCH = YES;
				SDKROOT = iphoneos;
				SWIFT_ACTIVE_COMPILATION_CONDITIONS = DEBUG;
				SWIFT_OPTIMIZATION_LEVEL = "-Onone";
				VERSIONING_SYSTEM = "apple-generic";
				VERSION_INFO_PREFIX = "";
			};
			name = Debug;
		};
		03A0FB5228BB25DD00B8D064 /* Release */ = {
			isa = XCBuildConfiguration;
			buildSettings = {
				ALWAYS_SEARCH_USER_PATHS = NO;
				CLANG_ANALYZER_NONNULL = YES;
				CLANG_ANALYZER_NUMBER_OBJECT_CONVERSION = YES_AGGRESSIVE;
				CLANG_CXX_LANGUAGE_STANDARD = "gnu++14";
				CLANG_CXX_LIBRARY = "libc++";
				CLANG_ENABLE_MODULES = YES;
				CLANG_ENABLE_OBJC_ARC = YES;
				CLANG_ENABLE_OBJC_WEAK = YES;
				CLANG_WARN_BLOCK_CAPTURE_AUTORELEASING = YES;
				CLANG_WARN_BOOL_CONVERSION = YES;
				CLANG_WARN_COMMA = YES;
				CLANG_WARN_CONSTANT_CONVERSION = YES;
				CLANG_WARN_DEPRECATED_OBJC_IMPLEMENTATIONS = YES;
				CLANG_WARN_DIRECT_OBJC_ISA_USAGE = YES_ERROR;
				CLANG_WARN_DOCUMENTATION_COMMENTS = YES;
				CLANG_WARN_EMPTY_BODY = YES;
				CLANG_WARN_ENUM_CONVERSION = YES;
				CLANG_WARN_INFINITE_RECURSION = YES;
				CLANG_WARN_INT_CONVERSION = YES;
				CLANG_WARN_NON_LITERAL_NULL_CONVERSION = YES;
				CLANG_WARN_OBJC_IMPLICIT_RETAIN_SELF = YES;
				CLANG_WARN_OBJC_LITERAL_CONVERSION = YES;
				CLANG_WARN_OBJC_ROOT_CLASS = YES_ERROR;
				CLANG_WARN_QUOTED_INCLUDE_IN_FRAMEWORK_HEADER = YES;
				CLANG_WARN_RANGE_LOOP_ANALYSIS = YES;
				CLANG_WARN_STRICT_PROTOTYPES = YES;
				CLANG_WARN_SUSPICIOUS_MOVE = YES;
				CLANG_WARN_UNGUARDED_AVAILABILITY = YES_AGGRESSIVE;
				CLANG_WARN_UNREACHABLE_CODE = YES;
				CLANG_WARN__DUPLICATE_METHOD_MATCH = YES;
				COPY_PHASE_STRIP = NO;
				CURRENT_PROJECT_VERSION = 1;
				DEBUG_INFORMATION_FORMAT = "dwarf-with-dsym";
				ENABLE_NS_ASSERTIONS = NO;
				ENABLE_STRICT_OBJC_MSGSEND = YES;
				GCC_C_LANGUAGE_STANDARD = gnu11;
				GCC_NO_COMMON_BLOCKS = YES;
				GCC_WARN_64_TO_32_BIT_CONVERSION = YES;
				GCC_WARN_ABOUT_RETURN_TYPE = YES_ERROR;
				GCC_WARN_UNDECLARED_SELECTOR = YES;
				GCC_WARN_UNINITIALIZED_AUTOS = YES_AGGRESSIVE;
				GCC_WARN_UNUSED_FUNCTION = YES;
				GCC_WARN_UNUSED_VARIABLE = YES;
				IPHONEOS_DEPLOYMENT_TARGET = 11.0;
				MTL_ENABLE_DEBUG_INFO = NO;
				MTL_FAST_MATH = YES;
				SDKROOT = iphoneos;
				SWIFT_COMPILATION_MODE = wholemodule;
				SWIFT_OPTIMIZATION_LEVEL = "-O";
				VALIDATE_PRODUCT = YES;
				VERSIONING_SYSTEM = "apple-generic";
				VERSION_INFO_PREFIX = "";
			};
			name = Release;
		};
		03A0FB5428BB25DD00B8D064 /* Debug */ = {
			isa = XCBuildConfiguration;
			buildSettings = {
				CLANG_ENABLE_MODULES = YES;
				CODE_SIGN_STYLE = Automatic;
				DEFINES_MODULE = YES;
				DEVELOPMENT_TEAM = 78S7RATURK;
				DYLIB_COMPATIBILITY_VERSION = 1;
				DYLIB_CURRENT_VERSION = 1;
				DYLIB_INSTALL_NAME_BASE = "@rpath";
				INFOPLIST_FILE = BoosterKit/Info.plist;
				INSTALL_PATH = "$(LOCAL_LIBRARY_DIR)/Frameworks";
				LD_RUNPATH_SEARCH_PATHS = (
					"$(inherited)",
					"@executable_path/Frameworks",
					"@loader_path/Frameworks",
				);
				PRODUCT_BUNDLE_IDENTIFIER = io.funct7.BoosterKit;
				PRODUCT_NAME = "$(TARGET_NAME:c99extidentifier)";
				SKIP_INSTALL = YES;
				SWIFT_OPTIMIZATION_LEVEL = "-Onone";
				SWIFT_VERSION = 5.0;
				TARGETED_DEVICE_FAMILY = "1,2";
			};
			name = Debug;
		};
		03A0FB5528BB25DD00B8D064 /* Release */ = {
			isa = XCBuildConfiguration;
			buildSettings = {
				CLANG_ENABLE_MODULES = YES;
				CODE_SIGN_STYLE = Automatic;
				DEFINES_MODULE = YES;
				DEVELOPMENT_TEAM = 78S7RATURK;
				DYLIB_COMPATIBILITY_VERSION = 1;
				DYLIB_CURRENT_VERSION = 1;
				DYLIB_INSTALL_NAME_BASE = "@rpath";
				INFOPLIST_FILE = BoosterKit/Info.plist;
				INSTALL_PATH = "$(LOCAL_LIBRARY_DIR)/Frameworks";
				LD_RUNPATH_SEARCH_PATHS = (
					"$(inherited)",
					"@executable_path/Frameworks",
					"@loader_path/Frameworks",
				);
				PRODUCT_BUNDLE_IDENTIFIER = io.funct7.BoosterKit;
				PRODUCT_NAME = "$(TARGET_NAME:c99extidentifier)";
				SKIP_INSTALL = YES;
				SWIFT_VERSION = 5.0;
				TARGETED_DEVICE_FAMILY = "1,2";
			};
			name = Release;
		};
		03A0FB5728BB25DD00B8D064 /* Debug */ = {
			isa = XCBuildConfiguration;
			baseConfigurationReference = 137DD1CF50D8D399383005F2 /* Pods-BoosterKitTests.debug.xcconfig */;
			buildSettings = {
				ALWAYS_EMBED_SWIFT_STANDARD_LIBRARIES = "$(inherited)";
				CODE_SIGN_STYLE = Automatic;
				DEVELOPMENT_TEAM = 78S7RATURK;
				INFOPLIST_FILE = BoosterKitTests/Info.plist;
				LD_RUNPATH_SEARCH_PATHS = (
					"$(inherited)",
					"@executable_path/Frameworks",
					"@loader_path/Frameworks",
				);
				PRODUCT_BUNDLE_IDENTIFIER = io.funct7.BoosterKitTests;
				PRODUCT_NAME = "$(TARGET_NAME)";
				SWIFT_VERSION = 5.0;
				TARGETED_DEVICE_FAMILY = "1,2";
			};
			name = Debug;
		};
		03A0FB5828BB25DD00B8D064 /* Release */ = {
			isa = XCBuildConfiguration;
			baseConfigurationReference = EEEE6DBB4CD00D87D8114F30 /* Pods-BoosterKitTests.release.xcconfig */;
			buildSettings = {
				ALWAYS_EMBED_SWIFT_STANDARD_LIBRARIES = "$(inherited)";
				CODE_SIGN_STYLE = Automatic;
				DEVELOPMENT_TEAM = 78S7RATURK;
				INFOPLIST_FILE = BoosterKitTests/Info.plist;
				LD_RUNPATH_SEARCH_PATHS = (
					"$(inherited)",
					"@executable_path/Frameworks",
					"@loader_path/Frameworks",
				);
				PRODUCT_BUNDLE_IDENTIFIER = io.funct7.BoosterKitTests;
				PRODUCT_NAME = "$(TARGET_NAME)";
				SWIFT_VERSION = 5.0;
				TARGETED_DEVICE_FAMILY = "1,2";
			};
			name = Release;
		};
/* End XCBuildConfiguration section */

/* Begin XCConfigurationList section */
		03554E8128BCECDE00073345 /* Build configuration list for PBXNativeTarget "BoosterKit-Demo" */ = {
			isa = XCConfigurationList;
			buildConfigurations = (
				03554E7F28BCECDE00073345 /* Debug */,
				03554E8028BCECDE00073345 /* Release */,
			);
			defaultConfigurationIsVisible = 0;
			defaultConfigurationName = Release;
		};
		03A0FB3928BB25DD00B8D064 /* Build configuration list for PBXProject "BoosterKit" */ = {
			isa = XCConfigurationList;
			buildConfigurations = (
				03A0FB5128BB25DD00B8D064 /* Debug */,
				03A0FB5228BB25DD00B8D064 /* Release */,
			);
			defaultConfigurationIsVisible = 0;
			defaultConfigurationName = Release;
		};
		03A0FB5328BB25DD00B8D064 /* Build configuration list for PBXNativeTarget "BoosterKit" */ = {
			isa = XCConfigurationList;
			buildConfigurations = (
				03A0FB5428BB25DD00B8D064 /* Debug */,
				03A0FB5528BB25DD00B8D064 /* Release */,
			);
			defaultConfigurationIsVisible = 0;
			defaultConfigurationName = Release;
		};
		03A0FB5628BB25DD00B8D064 /* Build configuration list for PBXNativeTarget "BoosterKitTests" */ = {
			isa = XCConfigurationList;
			buildConfigurations = (
				03A0FB5728BB25DD00B8D064 /* Debug */,
				03A0FB5828BB25DD00B8D064 /* Release */,
			);
			defaultConfigurationIsVisible = 0;
			defaultConfigurationName = Release;
		};
/* End XCConfigurationList section */
	};
	rootObject = 03A0FB3628BB25DD00B8D064 /* Project object */;
}
