// !$*UTF8*$!
{
	archiveVersion = 1;
	classes = {
	};
	objectVersion = 50;
	objects = {

/* Begin PBXBuildFile section */
		0375115C28BC231D0060D304 /* CubicBezierPoint.swift in Sources */ = {isa = PBXBuildFile; fileRef = 0375115B28BC231D0060D304 /* CubicBezierPoint.swift */; };
		0375116328BC23FE0060D304 /* Combinator+Transform.swift in Sources */ = {isa = PBXBuildFile; fileRef = 0375116228BC23FE0060D304 /* Combinator+Transform.swift */; };
		0375116928BC26250060D304 /* CubicBezierPoint+Default.swift in Sources */ = {isa = PBXBuildFile; fileRef = 0375116828BC26250060D304 /* CubicBezierPoint+Default.swift */; };
		0375116C28BC26A70060D304 /* ToastController.swift in Sources */ = {isa = PBXBuildFile; fileRef = 0375116B28BC26A70060D304 /* ToastController.swift */; };
		0375116E28BC27820060D304 /* ToastController.AnimParams.SetUp+Default.swift in Sources */ = {isa = PBXBuildFile; fileRef = 0375116D28BC27820060D304 /* ToastController.AnimParams.SetUp+Default.swift */; };
		0375117028BC27CC0060D304 /* ToastController.AnimParams.Animation+Default.swift in Sources */ = {isa = PBXBuildFile; fileRef = 0375116F28BC27CC0060D304 /* ToastController.AnimParams.Animation+Default.swift */; };
		0375117228BC27F80060D304 /* ToastController.AnimParams.TearDown+Default.swift in Sources */ = {isa = PBXBuildFile; fileRef = 0375117128BC27F80060D304 /* ToastController.AnimParams.TearDown+Default.swift */; };
		03A0FB4928BB25DD00B8D064 /* BoosterKit.framework in Frameworks */ = {isa = PBXBuildFile; fileRef = 03A0FB3F28BB25DD00B8D064 /* BoosterKit.framework */; };
		03A0FB4E28BB25DD00B8D064 /* BoosterKitTests.swift in Sources */ = {isa = PBXBuildFile; fileRef = 03A0FB4D28BB25DD00B8D064 /* BoosterKitTests.swift */; };
		03A0FB5028BB25DD00B8D064 /* BoosterKit.h in Headers */ = {isa = PBXBuildFile; fileRef = 03A0FB4228BB25DD00B8D064 /* BoosterKit.h */; settings = {ATTRIBUTES = (Public, ); }; };
		03A0FB5B28BB264400B8D064 /* Scoped.swift in Sources */ = {isa = PBXBuildFile; fileRef = 03A0FB5A28BB264400B8D064 /* Scoped.swift */; };
		03A0FB5E28BB268F00B8D064 /* StringRenderer.swift in Sources */ = {isa = PBXBuildFile; fileRef = 03A0FB5D28BB268F00B8D064 /* StringRenderer.swift */; };
/* End PBXBuildFile section */

/* Begin PBXContainerItemProxy section */
		03A0FB4A28BB25DD00B8D064 /* PBXContainerItemProxy */ = {
			isa = PBXContainerItemProxy;
			containerPortal = 03A0FB3628BB25DD00B8D064 /* Project object */;
			proxyType = 1;
			remoteGlobalIDString = 03A0FB3E28BB25DD00B8D064;
			remoteInfo = BoosterKit;
		};
/* End PBXContainerItemProxy section */

/* Begin PBXFileReference section */
		0375115B28BC231D0060D304 /* CubicBezierPoint.swift */ = {isa = PBXFileReference; lastKnownFileType = sourcecode.swift; path = CubicBezierPoint.swift; sourceTree = "<group>"; };
		0375116228BC23FE0060D304 /* Combinator+Transform.swift */ = {isa = PBXFileReference; lastKnownFileType = sourcecode.swift; path = "Combinator+Transform.swift"; sourceTree = "<group>"; };
		0375116828BC26250060D304 /* CubicBezierPoint+Default.swift */ = {isa = PBXFileReference; fileEncoding = 4; lastKnownFileType = sourcecode.swift; path = "CubicBezierPoint+Default.swift"; sourceTree = "<group>"; };
		0375116B28BC26A70060D304 /* ToastController.swift */ = {isa = PBXFileReference; fileEncoding = 4; lastKnownFileType = sourcecode.swift; path = ToastController.swift; sourceTree = "<group>"; };
		0375116D28BC27820060D304 /* ToastController.AnimParams.SetUp+Default.swift */ = {isa = PBXFileReference; lastKnownFileType = sourcecode.swift; path = "ToastController.AnimParams.SetUp+Default.swift"; sourceTree = "<group>"; };
		0375116F28BC27CC0060D304 /* ToastController.AnimParams.Animation+Default.swift */ = {isa = PBXFileReference; lastKnownFileType = sourcecode.swift; path = "ToastController.AnimParams.Animation+Default.swift"; sourceTree = "<group>"; };
		0375117128BC27F80060D304 /* ToastController.AnimParams.TearDown+Default.swift */ = {isa = PBXFileReference; lastKnownFileType = sourcecode.swift; path = "ToastController.AnimParams.TearDown+Default.swift"; sourceTree = "<group>"; };
		03A0FB3F28BB25DD00B8D064 /* BoosterKit.framework */ = {isa = PBXFileReference; explicitFileType = wrapper.framework; includeInIndex = 0; path = BoosterKit.framework; sourceTree = BUILT_PRODUCTS_DIR; };
		03A0FB4228BB25DD00B8D064 /* BoosterKit.h */ = {isa = PBXFileReference; lastKnownFileType = sourcecode.c.h; path = BoosterKit.h; sourceTree = "<group>"; };
		03A0FB4328BB25DD00B8D064 /* Info.plist */ = {isa = PBXFileReference; lastKnownFileType = text.plist.xml; path = Info.plist; sourceTree = "<group>"; };
		03A0FB4828BB25DD00B8D064 /* BoosterKitTests.xctest */ = {isa = PBXFileReference; explicitFileType = wrapper.cfbundle; includeInIndex = 0; path = BoosterKitTests.xctest; sourceTree = BUILT_PRODUCTS_DIR; };
		03A0FB4D28BB25DD00B8D064 /* BoosterKitTests.swift */ = {isa = PBXFileReference; lastKnownFileType = sourcecode.swift; path = BoosterKitTests.swift; sourceTree = "<group>"; };
		03A0FB4F28BB25DD00B8D064 /* Info.plist */ = {isa = PBXFileReference; lastKnownFileType = text.plist.xml; path = Info.plist; sourceTree = "<group>"; };
		03A0FB5A28BB264400B8D064 /* Scoped.swift */ = {isa = PBXFileReference; lastKnownFileType = sourcecode.swift; path = Scoped.swift; sourceTree = "<group>"; };
		03A0FB5D28BB268F00B8D064 /* StringRenderer.swift */ = {isa = PBXFileReference; lastKnownFileType = sourcecode.swift; path = StringRenderer.swift; sourceTree = "<group>"; };
/* End PBXFileReference section */

/* Begin PBXFrameworksBuildPhase section */
		03A0FB3C28BB25DD00B8D064 /* Frameworks */ = {
			isa = PBXFrameworksBuildPhase;
			buildActionMask = 2147483647;
			files = (
			);
			runOnlyForDeploymentPostprocessing = 0;
		};
		03A0FB4528BB25DD00B8D064 /* Frameworks */ = {
			isa = PBXFrameworksBuildPhase;
			buildActionMask = 2147483647;
			files = (
				03A0FB4928BB25DD00B8D064 /* BoosterKit.framework in Frameworks */,
			);
			runOnlyForDeploymentPostprocessing = 0;
		};
/* End PBXFrameworksBuildPhase section */

/* Begin PBXGroup section */
		0375115A28BC230A0060D304 /* Data */ = {
			isa = PBXGroup;
			children = (
				0375115B28BC231D0060D304 /* CubicBezierPoint.swift */,
				0375116828BC26250060D304 /* CubicBezierPoint+Default.swift */,
			);
			path = Data;
			sourceTree = "<group>";
		};
		0375116A28BC26A70060D304 /* Toast */ = {
			isa = PBXGroup;
			children = (
				0375116F28BC27CC0060D304 /* ToastController.AnimParams.Animation+Default.swift */,
				0375116D28BC27820060D304 /* ToastController.AnimParams.SetUp+Default.swift */,
				0375117128BC27F80060D304 /* ToastController.AnimParams.TearDown+Default.swift */,
				0375116B28BC26A70060D304 /* ToastController.swift */,
			);
			path = Toast;
			sourceTree = "<group>";
		};
		03A0FB3528BB25DD00B8D064 = {
			isa = PBXGroup;
			children = (
				03A0FB4128BB25DD00B8D064 /* BoosterKit */,
				03A0FB4C28BB25DD00B8D064 /* BoosterKitTests */,
				03A0FB4028BB25DD00B8D064 /* Products */,
			);
			sourceTree = "<group>";
		};
		03A0FB4028BB25DD00B8D064 /* Products */ = {
			isa = PBXGroup;
			children = (
				03A0FB3F28BB25DD00B8D064 /* BoosterKit.framework */,
				03A0FB4828BB25DD00B8D064 /* BoosterKitTests.xctest */,
			);
			name = Products;
			sourceTree = "<group>";
		};
		03A0FB4128BB25DD00B8D064 /* BoosterKit */ = {
			isa = PBXGroup;
			children = (
				03A0FB5928BB263600B8D064 /* Function */,
				03A0FB5C28BB267D00B8D064 /* UI */,
				03A0FB4228BB25DD00B8D064 /* BoosterKit.h */,
				03A0FB4328BB25DD00B8D064 /* Info.plist */,
			);
			path = BoosterKit;
			sourceTree = "<group>";
		};
		03A0FB4C28BB25DD00B8D064 /* BoosterKitTests */ = {
			isa = PBXGroup;
			children = (
				03A0FB4D28BB25DD00B8D064 /* BoosterKitTests.swift */,
				03A0FB4F28BB25DD00B8D064 /* Info.plist */,
			);
			path = BoosterKitTests;
			sourceTree = "<group>";
		};
		03A0FB5928BB263600B8D064 /* Function */ = {
			isa = PBXGroup;
			children = (
				0375116228BC23FE0060D304 /* Combinator+Transform.swift */,
				03A0FB5A28BB264400B8D064 /* Scoped.swift */,
			);
			path = Function;
			sourceTree = "<group>";
		};
		03A0FB5C28BB267D00B8D064 /* UI */ = {
			isa = PBXGroup;
			children = (
				0375115A28BC230A0060D304 /* Data */,
				0375116A28BC26A70060D304 /* Toast */,
				03A0FB5D28BB268F00B8D064 /* StringRenderer.swift */,
			);
			path = UI;
			sourceTree = "<group>";
		};
/* End PBXGroup section */

/* Begin PBXHeadersBuildPhase section */
		03A0FB3A28BB25DD00B8D064 /* Headers */ = {
			isa = PBXHeadersBuildPhase;
			buildActionMask = 2147483647;
			files = (
				03A0FB5028BB25DD00B8D064 /* BoosterKit.h in Headers */,
			);
			runOnlyForDeploymentPostprocessing = 0;
		};
/* End PBXHeadersBuildPhase section */

/* Begin PBXNativeTarget section */
		03A0FB3E28BB25DD00B8D064 /* BoosterKit */ = {
			isa = PBXNativeTarget;
			buildConfigurationList = 03A0FB5328BB25DD00B8D064 /* Build configuration list for PBXNativeTarget "BoosterKit" */;
			buildPhases = (
				03A0FB3A28BB25DD00B8D064 /* Headers */,
				03A0FB3B28BB25DD00B8D064 /* Sources */,
				03A0FB3C28BB25DD00B8D064 /* Frameworks */,
				03A0FB3D28BB25DD00B8D064 /* Resources */,
			);
			buildRules = (
			);
			dependencies = (
			);
			name = BoosterKit;
			productName = BoosterKit;
			productReference = 03A0FB3F28BB25DD00B8D064 /* BoosterKit.framework */;
			productType = "com.apple.product-type.framework";
		};
		03A0FB4728BB25DD00B8D064 /* BoosterKitTests */ = {
			isa = PBXNativeTarget;
			buildConfigurationList = 03A0FB5628BB25DD00B8D064 /* Build configuration list for PBXNativeTarget "BoosterKitTests" */;
			buildPhases = (
				03A0FB4428BB25DD00B8D064 /* Sources */,
				03A0FB4528BB25DD00B8D064 /* Frameworks */,
				03A0FB4628BB25DD00B8D064 /* Resources */,
			);
			buildRules = (
			);
			dependencies = (
				03A0FB4B28BB25DD00B8D064 /* PBXTargetDependency */,
			);
			name = BoosterKitTests;
			productName = BoosterKitTests;
			productReference = 03A0FB4828BB25DD00B8D064 /* BoosterKitTests.xctest */;
			productType = "com.apple.product-type.bundle.unit-test";
		};
/* End PBXNativeTarget section */

/* Begin PBXProject section */
		03A0FB3628BB25DD00B8D064 /* Project object */ = {
			isa = PBXProject;
			attributes = {
				LastSwiftUpdateCheck = 1250;
				LastUpgradeCheck = 1250;
				TargetAttributes = {
					03A0FB3E28BB25DD00B8D064 = {
						CreatedOnToolsVersion = 12.5.1;
						LastSwiftMigration = 1250;
					};
					03A0FB4728BB25DD00B8D064 = {
						CreatedOnToolsVersion = 12.5.1;
					};
				};
			};
			buildConfigurationList = 03A0FB3928BB25DD00B8D064 /* Build configuration list for PBXProject "BoosterKit" */;
			compatibilityVersion = "Xcode 9.3";
			developmentRegion = en;
			hasScannedForEncodings = 0;
			knownRegions = (
				en,
				Base,
			);
			mainGroup = 03A0FB3528BB25DD00B8D064;
			productRefGroup = 03A0FB4028BB25DD00B8D064 /* Products */;
			projectDirPath = "";
			projectRoot = "";
			targets = (
				03A0FB3E28BB25DD00B8D064 /* BoosterKit */,
				03A0FB4728BB25DD00B8D064 /* BoosterKitTests */,
			);
		};
/* End PBXProject section */

/* Begin PBXResourcesBuildPhase section */
		03A0FB3D28BB25DD00B8D064 /* Resources */ = {
			isa = PBXResourcesBuildPhase;
			buildActionMask = 2147483647;
			files = (
			);
			runOnlyForDeploymentPostprocessing = 0;
		};
		03A0FB4628BB25DD00B8D064 /* Resources */ = {
			isa = PBXResourcesBuildPhase;
			buildActionMask = 2147483647;
			files = (
			);
			runOnlyForDeploymentPostprocessing = 0;
		};
/* End PBXResourcesBuildPhase section */

/* Begin PBXSourcesBuildPhase section */
		03A0FB3B28BB25DD00B8D064 /* Sources */ = {
			isa = PBXSourcesBuildPhase;
			buildActionMask = 2147483647;
			files = (
				0375116E28BC27820060D304 /* ToastController.AnimParams.SetUp+Default.swift in Sources */,
				0375117028BC27CC0060D304 /* ToastController.AnimParams.Animation+Default.swift in Sources */,
				0375116328BC23FE0060D304 /* Combinator+Transform.swift in Sources */,
				0375116928BC26250060D304 /* CubicBezierPoint+Default.swift in Sources */,
				0375115C28BC231D0060D304 /* CubicBezierPoint.swift in Sources */,
				0375116C28BC26A70060D304 /* ToastController.swift in Sources */,
				0375117228BC27F80060D304 /* ToastController.AnimParams.TearDown+Default.swift in Sources */,
				03A0FB5B28BB264400B8D064 /* Scoped.swift in Sources */,
				03A0FB5E28BB268F00B8D064 /* StringRenderer.swift in Sources */,
			);
			runOnlyForDeploymentPostprocessing = 0;
		};
		03A0FB4428BB25DD00B8D064 /* Sources */ = {
			isa = PBXSourcesBuildPhase;
			buildActionMask = 2147483647;
			files = (
				03A0FB4E28BB25DD00B8D064 /* BoosterKitTests.swift in Sources */,
			);
			runOnlyForDeploymentPostprocessing = 0;
		};
/* End PBXSourcesBuildPhase section */

/* Begin PBXTargetDependency section */
		03A0FB4B28BB25DD00B8D064 /* PBXTargetDependency */ = {
			isa = PBXTargetDependency;
			target = 03A0FB3E28BB25DD00B8D064 /* BoosterKit */;
			targetProxy = 03A0FB4A28BB25DD00B8D064 /* PBXContainerItemProxy */;
		};
/* End PBXTargetDependency section */

/* Begin XCBuildConfiguration section */
		03A0FB5128BB25DD00B8D064 /* Debug */ = {
			isa = XCBuildConfiguration;
			buildSettings = {
				ALWAYS_SEARCH_USER_PATHS = NO;
				CLANG_ANALYZER_NONNULL = YES;
				CLANG_ANALYZER_NUMBER_OBJECT_CONVERSION = YES_AGGRESSIVE;
				CLANG_CXX_LANGUAGE_STANDARD = "gnu++14";
				CLANG_CXX_LIBRARY = "libc++";
				CLANG_ENABLE_MODULES = YES;
				CLANG_ENABLE_OBJC_ARC = YES;
				CLANG_ENABLE_OBJC_WEAK = YES;
				CLANG_WARN_BLOCK_CAPTURE_AUTORELEASING = YES;
				CLANG_WARN_BOOL_CONVERSION = YES;
				CLANG_WARN_COMMA = YES;
				CLANG_WARN_CONSTANT_CONVERSION = YES;
				CLANG_WARN_DEPRECATED_OBJC_IMPLEMENTATIONS = YES;
				CLANG_WARN_DIRECT_OBJC_ISA_USAGE = YES_ERROR;
				CLANG_WARN_DOCUMENTATION_COMMENTS = YES;
				CLANG_WARN_EMPTY_BODY = YES;
				CLANG_WARN_ENUM_CONVERSION = YES;
				CLANG_WARN_INFINITE_RECURSION = YES;
				CLANG_WARN_INT_CONVERSION = YES;
				CLANG_WARN_NON_LITERAL_NULL_CONVERSION = YES;
				CLANG_WARN_OBJC_IMPLICIT_RETAIN_SELF = YES;
				CLANG_WARN_OBJC_LITERAL_CONVERSION = YES;
				CLANG_WARN_OBJC_ROOT_CLASS = YES_ERROR;
				CLANG_WARN_QUOTED_INCLUDE_IN_FRAMEWORK_HEADER = YES;
				CLANG_WARN_RANGE_LOOP_ANALYSIS = YES;
				CLANG_WARN_STRICT_PROTOTYPES = YES;
				CLANG_WARN_SUSPICIOUS_MOVE = YES;
				CLANG_WARN_UNGUARDED_AVAILABILITY = YES_AGGRESSIVE;
				CLANG_WARN_UNREACHABLE_CODE = YES;
				CLANG_WARN__DUPLICATE_METHOD_MATCH = YES;
				COPY_PHASE_STRIP = NO;
				CURRENT_PROJECT_VERSION = 1;
				DEBUG_INFORMATION_FORMAT = dwarf;
				ENABLE_STRICT_OBJC_MSGSEND = YES;
				ENABLE_TESTABILITY = YES;
				GCC_C_LANGUAGE_STANDARD = gnu11;
				GCC_DYNAMIC_NO_PIC = NO;
				GCC_NO_COMMON_BLOCKS = YES;
				GCC_OPTIMIZATION_LEVEL = 0;
				GCC_PREPROCESSOR_DEFINITIONS = (
					"DEBUG=1",
					"$(inherited)",
				);
				GCC_WARN_64_TO_32_BIT_CONVERSION = YES;
				GCC_WARN_ABOUT_RETURN_TYPE = YES_ERROR;
				GCC_WARN_UNDECLARED_SELECTOR = YES;
				GCC_WARN_UNINITIALIZED_AUTOS = YES_AGGRESSIVE;
				GCC_WARN_UNUSED_FUNCTION = YES;
				GCC_WARN_UNUSED_VARIABLE = YES;
				IPHONEOS_DEPLOYMENT_TARGET = 14.5;
				MTL_ENABLE_DEBUG_INFO = INCLUDE_SOURCE;
				MTL_FAST_MATH = YES;
				ONLY_ACTIVE_ARCH = YES;
				SDKROOT = iphoneos;
				SWIFT_ACTIVE_COMPILATION_CONDITIONS = DEBUG;
				SWIFT_OPTIMIZATION_LEVEL = "-Onone";
				VERSIONING_SYSTEM = "apple-generic";
				VERSION_INFO_PREFIX = "";
			};
			name = Debug;
		};
		03A0FB5228BB25DD00B8D064 /* Release */ = {
			isa = XCBuildConfiguration;
			buildSettings = {
				ALWAYS_SEARCH_USER_PATHS = NO;
				CLANG_ANALYZER_NONNULL = YES;
				CLANG_ANALYZER_NUMBER_OBJECT_CONVERSION = YES_AGGRESSIVE;
				CLANG_CXX_LANGUAGE_STANDARD = "gnu++14";
				CLANG_CXX_LIBRARY = "libc++";
				CLANG_ENABLE_MODULES = YES;
				CLANG_ENABLE_OBJC_ARC = YES;
				CLANG_ENABLE_OBJC_WEAK = YES;
				CLANG_WARN_BLOCK_CAPTURE_AUTORELEASING = YES;
				CLANG_WARN_BOOL_CONVERSION = YES;
				CLANG_WARN_COMMA = YES;
				CLANG_WARN_CONSTANT_CONVERSION = YES;
				CLANG_WARN_DEPRECATED_OBJC_IMPLEMENTATIONS = YES;
				CLANG_WARN_DIRECT_OBJC_ISA_USAGE = YES_ERROR;
				CLANG_WARN_DOCUMENTATION_COMMENTS = YES;
				CLANG_WARN_EMPTY_BODY = YES;
				CLANG_WARN_ENUM_CONVERSION = YES;
				CLANG_WARN_INFINITE_RECURSION = YES;
				CLANG_WARN_INT_CONVERSION = YES;
				CLANG_WARN_NON_LITERAL_NULL_CONVERSION = YES;
				CLANG_WARN_OBJC_IMPLICIT_RETAIN_SELF = YES;
				CLANG_WARN_OBJC_LITERAL_CONVERSION = YES;
				CLANG_WARN_OBJC_ROOT_CLASS = YES_ERROR;
				CLANG_WARN_QUOTED_INCLUDE_IN_FRAMEWORK_HEADER = YES;
				CLANG_WARN_RANGE_LOOP_ANALYSIS = YES;
				CLANG_WARN_STRICT_PROTOTYPES = YES;
				CLANG_WARN_SUSPICIOUS_MOVE = YES;
				CLANG_WARN_UNGUARDED_AVAILABILITY = YES_AGGRESSIVE;
				CLANG_WARN_UNREACHABLE_CODE = YES;
				CLANG_WARN__DUPLICATE_METHOD_MATCH = YES;
				COPY_PHASE_STRIP = NO;
				CURRENT_PROJECT_VERSION = 1;
				DEBUG_INFORMATION_FORMAT = "dwarf-with-dsym";
				ENABLE_NS_ASSERTIONS = NO;
				ENABLE_STRICT_OBJC_MSGSEND = YES;
				GCC_C_LANGUAGE_STANDARD = gnu11;
				GCC_NO_COMMON_BLOCKS = YES;
				GCC_WARN_64_TO_32_BIT_CONVERSION = YES;
				GCC_WARN_ABOUT_RETURN_TYPE = YES_ERROR;
				GCC_WARN_UNDECLARED_SELECTOR = YES;
				GCC_WARN_UNINITIALIZED_AUTOS = YES_AGGRESSIVE;
				GCC_WARN_UNUSED_FUNCTION = YES;
				GCC_WARN_UNUSED_VARIABLE = YES;
				IPHONEOS_DEPLOYMENT_TARGET = 14.5;
				MTL_ENABLE_DEBUG_INFO = NO;
				MTL_FAST_MATH = YES;
				SDKROOT = iphoneos;
				SWIFT_COMPILATION_MODE = wholemodule;
				SWIFT_OPTIMIZATION_LEVEL = "-O";
				VALIDATE_PRODUCT = YES;
				VERSIONING_SYSTEM = "apple-generic";
				VERSION_INFO_PREFIX = "";
			};
			name = Release;
		};
		03A0FB5428BB25DD00B8D064 /* Debug */ = {
			isa = XCBuildConfiguration;
			buildSettings = {
				CLANG_ENABLE_MODULES = YES;
				CODE_SIGN_STYLE = Automatic;
				DEFINES_MODULE = YES;
				DEVELOPMENT_TEAM = 78S7RATURK;
				DYLIB_COMPATIBILITY_VERSION = 1;
				DYLIB_CURRENT_VERSION = 1;
				DYLIB_INSTALL_NAME_BASE = "@rpath";
				INFOPLIST_FILE = BoosterKit/Info.plist;
				INSTALL_PATH = "$(LOCAL_LIBRARY_DIR)/Frameworks";
				LD_RUNPATH_SEARCH_PATHS = (
					"$(inherited)",
					"@executable_path/Frameworks",
					"@loader_path/Frameworks",
				);
				PRODUCT_BUNDLE_IDENTIFIER = io.funct7.BoosterKit;
				PRODUCT_NAME = "$(TARGET_NAME:c99extidentifier)";
				SKIP_INSTALL = YES;
				SWIFT_OPTIMIZATION_LEVEL = "-Onone";
				SWIFT_VERSION = 5.0;
				TARGETED_DEVICE_FAMILY = "1,2";
			};
			name = Debug;
		};
		03A0FB5528BB25DD00B8D064 /* Release */ = {
			isa = XCBuildConfiguration;
			buildSettings = {
				CLANG_ENABLE_MODULES = YES;
				CODE_SIGN_STYLE = Automatic;
				DEFINES_MODULE = YES;
				DEVELOPMENT_TEAM = 78S7RATURK;
				DYLIB_COMPATIBILITY_VERSION = 1;
				DYLIB_CURRENT_VERSION = 1;
				DYLIB_INSTALL_NAME_BASE = "@rpath";
				INFOPLIST_FILE = BoosterKit/Info.plist;
				INSTALL_PATH = "$(LOCAL_LIBRARY_DIR)/Frameworks";
				LD_RUNPATH_SEARCH_PATHS = (
					"$(inherited)",
					"@executable_path/Frameworks",
					"@loader_path/Frameworks",
				);
				PRODUCT_BUNDLE_IDENTIFIER = io.funct7.BoosterKit;
				PRODUCT_NAME = "$(TARGET_NAME:c99extidentifier)";
				SKIP_INSTALL = YES;
				SWIFT_VERSION = 5.0;
				TARGETED_DEVICE_FAMILY = "1,2";
			};
			name = Release;
		};
		03A0FB5728BB25DD00B8D064 /* Debug */ = {
			isa = XCBuildConfiguration;
			buildSettings = {
				ALWAYS_EMBED_SWIFT_STANDARD_LIBRARIES = YES;
				CODE_SIGN_STYLE = Automatic;
				DEVELOPMENT_TEAM = 78S7RATURK;
				INFOPLIST_FILE = BoosterKitTests/Info.plist;
				LD_RUNPATH_SEARCH_PATHS = (
					"$(inherited)",
					"@executable_path/Frameworks",
					"@loader_path/Frameworks",
				);
				PRODUCT_BUNDLE_IDENTIFIER = io.funct7.BoosterKitTests;
				PRODUCT_NAME = "$(TARGET_NAME)";
				SWIFT_VERSION = 5.0;
				TARGETED_DEVICE_FAMILY = "1,2";
			};
			name = Debug;
		};
		03A0FB5828BB25DD00B8D064 /* Release */ = {
			isa = XCBuildConfiguration;
			buildSettings = {
				ALWAYS_EMBED_SWIFT_STANDARD_LIBRARIES = YES;
				CODE_SIGN_STYLE = Automatic;
				DEVELOPMENT_TEAM = 78S7RATURK;
				INFOPLIST_FILE = BoosterKitTests/Info.plist;
				LD_RUNPATH_SEARCH_PATHS = (
					"$(inherited)",
					"@executable_path/Frameworks",
					"@loader_path/Frameworks",
				);
				PRODUCT_BUNDLE_IDENTIFIER = io.funct7.BoosterKitTests;
				PRODUCT_NAME = "$(TARGET_NAME)";
				SWIFT_VERSION = 5.0;
				TARGETED_DEVICE_FAMILY = "1,2";
			};
			name = Release;
		};
/* End XCBuildConfiguration section */

/* Begin XCConfigurationList section */
		03A0FB3928BB25DD00B8D064 /* Build configuration list for PBXProject "BoosterKit" */ = {
			isa = XCConfigurationList;
			buildConfigurations = (
				03A0FB5128BB25DD00B8D064 /* Debug */,
				03A0FB5228BB25DD00B8D064 /* Release */,
			);
			defaultConfigurationIsVisible = 0;
			defaultConfigurationName = Release;
		};
		03A0FB5328BB25DD00B8D064 /* Build configuration list for PBXNativeTarget "BoosterKit" */ = {
			isa = XCConfigurationList;
			buildConfigurations = (
				03A0FB5428BB25DD00B8D064 /* Debug */,
				03A0FB5528BB25DD00B8D064 /* Release */,
			);
			defaultConfigurationIsVisible = 0;
			defaultConfigurationName = Release;
		};
		03A0FB5628BB25DD00B8D064 /* Build configuration list for PBXNativeTarget "BoosterKitTests" */ = {
			isa = XCConfigurationList;
			buildConfigurations = (
				03A0FB5728BB25DD00B8D064 /* Debug */,
				03A0FB5828BB25DD00B8D064 /* Release */,
			);
			defaultConfigurationIsVisible = 0;
			defaultConfigurationName = Release;
		};
/* End XCConfigurationList section */
	};
	rootObject = 03A0FB3628BB25DD00B8D064 /* Project object */;
}
