PODS:
  - BoosterKit (0.0.1)
  - Nimble (10.0.0)

DEPENDENCIES:
  - BoosterKit (from `.`)
  - Nimble (= 10.0.0)

SPEC REPOS:
  trunk:
    - Nimble

EXTERNAL SOURCES:
  BoosterKit:
    :path: "."

SPEC CHECKSUMS:
  BoosterKit: 7640e7588c0e99f407725382080f74d77a4e2750
  Nimble: 5316ef81a170ce87baf72dd961f22f89a602ff84

PODFILE CHECKSUM: 165f6cecab4d3d72d887926a39a8dec6dee55ab5

COCOAPODS: 1.16.2
